
Microsoft Visual Studio Solution File, Format Version 12.00
# Visual Studio Version 16
VisualStudioVersion = 16.0.30804.86
MinimumVisualStudioVersion = 10.0.40219.1
Project("{FAE04EC0-301F-11D3-BF4B-00C04F79EFBC}") = "NativeTurkish.Web", "NativeTurkish.Web\NativeTurkish.Web.csproj", "{87C5860A-8159-4DE3-B8AF-63437DCBAC3D}"
EndProject
Project("{FAE04EC0-301F-11D3-BF4B-00C04F79EFBC}") = "NativeTurkish.Entities", "NativeTurkish.Entities\NativeTurkish.Entities.csproj", "{75490B96-3A39-4762-BAAC-ABE9D019B5BA}"
EndProject
Global
	GlobalSection(SolutionConfigurationPlatforms) = preSolution
		Debug|Any CPU = Debug|Any CPU
		Release|Any CPU = Release|Any CPU
	EndGlobalSection
	GlobalSection(ProjectConfigurationPlatforms) = postSolution
		{87C5860A-8159-4DE3-B8AF-63437DCBAC3D}.Debug|Any CPU.ActiveCfg = Debug|Any CPU
		{87C5860A-8159-4DE3-B8AF-63437DCBAC3D}.Debug|Any CPU.Build.0 = Debug|Any CPU
		{87C5860A-8159-4DE3-B8AF-63437DCBAC3D}.Release|Any CPU.ActiveCfg = Release|Any CPU
		{87C5860A-8159-4DE3-B8AF-63437DCBAC3D}.Release|Any CPU.Build.0 = Release|Any CPU
		{75490B96-3A39-4762-BAAC-ABE9D019B5BA}.Debug|Any CPU.ActiveCfg = Debug|Any CPU
		{75490B96-3A39-4762-BAAC-ABE9D019B5BA}.Debug|Any CPU.Build.0 = Debug|Any CPU
		{75490B96-3A39-4762-BAAC-ABE9D019B5BA}.Release|Any CPU.ActiveCfg = Release|Any CPU
		{75490B96-3A39-4762-BAAC-ABE9D019B5BA}.Release|Any CPU.Build.0 = Release|Any CPU
	EndGlobalSection
	GlobalSection(SolutionProperties) = preSolution
		HideSolutionNode = FALSE
	EndGlobalSection
	GlobalSection(ExtensibilityGlobals) = postSolution
		SolutionGuid = {2B4C50C5-A218-4311-BDF3-228A1942EC5A}
	EndGlobalSection
EndGlobal
